
Microsoft Visual Studio Solution File, Format Version 12.00
# Visual Studio Version 16
VisualStudioVersion = 16.0.31515.178
MinimumVisualStudioVersion = 10.0.40219.1
Project("{FAE04EC0-301F-11D3-BF4B-00C04F79EFBC}") = "HomeMadeSkyModel", "HomeMadeSkyModel\HomeMadeSkyModel.csproj", "{80D86FA2-FDFD-4A6E-BAFC-A21D92A80CA2}"
EndProject
Project("{FAE04EC0-301F-11D3-BF4B-00C04F79EFBC}") = "Utils", "Utils\Utils.csproj", "{DAFD8A17-AE03-4CFF-96F3-834040F884FB}"
EndProject
Global
	GlobalSection(SolutionConfigurationPlatforms) = preSolution
		Debug|Any CPU = Debug|Any CPU
		Release|Any CPU = Release|Any CPU
	EndGlobalSection
	GlobalSection(ProjectConfigurationPlatforms) = postSolution
		{80D86FA2-FDFD-4A6E-BAFC-A21D92A80CA2}.Debug|Any CPU.ActiveCfg = Debug|Any CPU
		{80D86FA2-FDFD-4A6E-BAFC-A21D92A80CA2}.Debug|Any CPU.Build.0 = Debug|Any CPU
		{80D86FA2-FDFD-4A6E-BAFC-A21D92A80CA2}.Release|Any CPU.ActiveCfg = Release|Any CPU
		{80D86FA2-FDFD-4A6E-BAFC-A21D92A80CA2}.Release|Any CPU.Build.0 = Release|Any CPU
		{DAFD8A17-AE03-4CFF-96F3-834040F884FB}.Debug|Any CPU.ActiveCfg = Debug|Any CPU
		{DAFD8A17-AE03-4CFF-96F3-834040F884FB}.Debug|Any CPU.Build.0 = Debug|Any CPU
		{DAFD8A17-AE03-4CFF-96F3-834040F884FB}.Release|Any CPU.ActiveCfg = Release|Any CPU
		{DAFD8A17-AE03-4CFF-96F3-834040F884FB}.Release|Any CPU.Build.0 = Release|Any CPU
	EndGlobalSection
	GlobalSection(SolutionProperties) = preSolution
		HideSolutionNode = FALSE
	EndGlobalSection
	GlobalSection(ExtensibilityGlobals) = postSolution
		SolutionGuid = {2B0294FB-E423-458D-8182-1815BD6A23F5}
	EndGlobalSection
EndGlobal
